
Microsoft Visual Studio Solution File, Format Version 12.00
# Visual Studio Version 16
VisualStudioVersion = 16.0.30804.86
MinimumVisualStudioVersion = 10.0.40219.1
Project("{FAE04EC0-301F-11D3-BF4B-00C04F79EFBC}") = "SimpleCSharpConsoleApp", "SimpleCSharpConsoleApp\SimpleCSharpConsoleApp.csproj", "{85307C44-6B9A-4840-9493-1FC0A35D84A6}"
EndProject
Project("{FAE04EC0-301F-11D3-BF4B-00C04F79EFBC}") = "BasicConsolIO", "BasicConsolIO\BasicConsolIO.csproj", "{0FC4ECC7-9646-4331-B59D-FC7670F48F14}"
EndProject
Project("{FAE04EC0-301F-11D3-BF4B-00C04F79EFBC}") = "BasicDataTypes", "BasicDataTypes\BasicDataTypes.csproj", "{244C92EC-DA7F-4144-8FCC-76FA34305D4F}"
EndProject
Project("{FAE04EC0-301F-11D3-BF4B-00C04F79EFBC}") = "ImplicitlyTypedLocalVars", "ImplicitlyTypedLocalVars\ImplicitlyTypedLocalVars.csproj", "{7AE4C1DA-7A03-4008-841B-7326E66144C2}"
EndProject
Project("{FAE04EC0-301F-11D3-BF4B-00C04F79EFBC}") = "FunWithArrays", "FunWithArrays\FunWithArrays.csproj", "{B300583C-D657-43A2-BA1E-74FBA7B2B4BC}"
EndProject
Project("{FAE04EC0-301F-11D3-BF4B-00C04F79EFBC}") = "FunWithEnums", "FunWithEnums\FunWithEnums.csproj", "{047E8DEA-2ACA-4FCA-A89D-15D8623F7D55}"
EndProject
Project("{FAE04EC0-301F-11D3-BF4B-00C04F79EFBC}") = "ValueandRefenceTypes", "ValueandRefenceTypes\ValueandRefenceTypes.csproj", "{AB513DC4-3D4C-4F45-94B3-DAEFCFF14A5A}"
EndProject
Project("{FAE04EC0-301F-11D3-BF4B-00C04F79EFBC}") = "PassRefsByValue", "PassRefsByValue\PassRefsByValue.csproj", "{68077B71-528B-441B-802F-A90469B40C84}"
EndProject
Project("{FAE04EC0-301F-11D3-BF4B-00C04F79EFBC}") = "NullableTypes", "NullableTypes\NullableTypes.csproj", "{E547751E-B43B-4377-A679-45155D7154E9}"
EndProject
Project("{FAE04EC0-301F-11D3-BF4B-00C04F79EFBC}") = "FunWIthTuples", "FunWIthTuples\FunWIthTuples.csproj", "{E733E0CE-8259-46D0-A2B5-3B7179E28661}"
EndProject
Project("{FAE04EC0-301F-11D3-BF4B-00C04F79EFBC}") = "SimpleClassExample", "SimpleClassExample\SimpleClassExample.csproj", "{CAC3EA90-0DD8-4623-BF5E-70873517BCF1}"
EndProject
Project("{FAE04EC0-301F-11D3-BF4B-00C04F79EFBC}") = "StaticDataAndMembers", "StaticDataAndMembers\StaticDataAndMembers.csproj", "{7E819FD0-4A7D-4071-B711-E1BF94F70EEF}"
EndProject
Project("{FAE04EC0-301F-11D3-BF4B-00C04F79EFBC}") = "EmployeeApp", "EmployeeApp\EmployeeApp.csproj", "{25BE3F1E-5568-4640-8D26-33A20E22DF9C}"
EndProject
Project("{FAE04EC0-301F-11D3-BF4B-00C04F79EFBC}") = "AutoProps", "AutoProps\AutoProps.csproj", "{71C34F19-4231-473D-B9B0-1B1D10B6647F}"
EndProject
Project("{FAE04EC0-301F-11D3-BF4B-00C04F79EFBC}") = "ObjectInitializers", "ObjectInitializers\ObjectInitializers.csproj", "{2A33D987-1995-45F7-9162-5706BAEF8C9E}"
EndProject
Project("{FAE04EC0-301F-11D3-BF4B-00C04F79EFBC}") = "ConstData", "ConstData\ConstData.csproj", "{E0C4B6AC-C762-4C25-AC88-79C51E4D6B13}"
EndProject
Project("{FAE04EC0-301F-11D3-BF4B-00C04F79EFBC}") = "BasicInheritance", "BasicInheritance\BasicInheritance.csproj", "{787CC9FA-EAA4-4A70-8FED-44A2E60F14C8}"
EndProject
Project("{FAE04EC0-301F-11D3-BF4B-00C04F79EFBC}") = "Employees", "Employees\Employees.csproj", "{65481AB8-1956-4E12-88DD-A74F2E810BD5}"
EndProject
Project("{FAE04EC0-301F-11D3-BF4B-00C04F79EFBC}") = "CustomInterface", "CustomInterface\CustomInterface.csproj", "{117B4D32-CEE0-426D-93DE-AE77D6A10C60}"
EndProject
Project("{FAE04EC0-301F-11D3-BF4B-00C04F79EFBC}") = "InterfaceNameClash", "InterfaceNameClash\InterfaceNameClash.csproj", "{361AF786-C35F-4D14-A474-19187B561F03}"
EndProject
Project("{FAE04EC0-301F-11D3-BF4B-00C04F79EFBC}") = "InterfaceHeirarchy", "InterfaceHeirarchy\InterfaceHeirarchy.csproj", "{0A5E8977-CB59-458A-88BB-D17C17C75C94}"
EndProject
Project("{FAE04EC0-301F-11D3-BF4B-00C04F79EFBC}") = "MIInterfaceHeirarchy", "MIInterfaceHeirarchy\MIInterfaceHeirarchy.csproj", "{CC8DFF6D-7D9D-4F0F-82E1-C8BB65624190}"
EndProject
Project("{FAE04EC0-301F-11D3-BF4B-00C04F79EFBC}") = "CustomEnumerator", "CustomEnumerator\CustomEnumerator.csproj", "{813EC1C1-0227-4833-9BB8-2B4891248ABC}"
EndProject
Project("{FAE04EC0-301F-11D3-BF4B-00C04F79EFBC}") = "CustomEnumeratorWithYield", "CustomEnumeratorWithYield\CustomEnumeratorWithYield.csproj", "{F7159C1B-5C12-4794-A5EF-7A1F88E2C23E}"
EndProject
Project("{FAE04EC0-301F-11D3-BF4B-00C04F79EFBC}") = "CloneablePoint", "CloneablePoint\CloneablePoint.csproj", "{1B05BD5C-BDA3-488F-986C-1D282B28EA50}"
EndProject
Project("{FAE04EC0-301F-11D3-BF4B-00C04F79EFBC}") = "ComparableCar", "ComparableCar\ComparableCar.csproj", "{CDBC2CC5-AFF5-4E9A-B0CD-01F2295D9C01}"
EndProject
Project("{FAE04EC0-301F-11D3-BF4B-00C04F79EFBC}") = "IssuesWithNonGenericCollections", "IssuesWithNonGenericCollections\IssuesWithNonGenericCollections.csproj", "{0C1F40DA-8065-4D0D-905B-DC70894C2ADE}"
EndProject
Project("{FAE04EC0-301F-11D3-BF4B-00C04F79EFBC}") = "FunWithGenericCollections", "FunWithGenerciCollections\FunWithGenericCollections.csproj", "{93C54770-6065-41AF-B490-045F56E9879C}"
EndProject
Project("{FAE04EC0-301F-11D3-BF4B-00C04F79EFBC}") = "FunWithObservableCollections", "FunWithObservableCollections\FunWithObservableCollections.csproj", "{1D91DC32-472E-49B8-A2FF-9D20AA2C6B31}"
EndProject
Project("{FAE04EC0-301F-11D3-BF4B-00C04F79EFBC}") = "CarDelegate", "CarDelegate\CarDelegate.csproj", "{55A8935F-C486-499A-ACE4-E20AC4278530}"
EndProject
Project("{FAE04EC0-301F-11D3-BF4B-00C04F79EFBC}") = "CarDelegateMethodGroupConversion", "CarDelegateMethodGroupConversion\CarDelegateMethodGroupConversion.csproj", "{A6FF9AAC-F95E-4A5C-BBC8-FF398ACF6254}"
EndProject
Project("{FAE04EC0-301F-11D3-BF4B-00C04F79EFBC}") = "GenericDelegate", "GenericDelegate\GenericDelegate.csproj", "{5D6BB153-C550-40EC-8AA4-C27D20A080B0}"
EndProject
Project("{FAE04EC0-301F-11D3-BF4B-00C04F79EFBC}") = "ActionAndFuncDelegates", "ActionAndFuncDelegates\ActionAndFuncDelegates.csproj", "{C69E4A7D-1E9E-4E90-BEED-87CE0C237B3F}"
EndProject
Project("{FAE04EC0-301F-11D3-BF4B-00C04F79EFBC}") = "CarEvents", "CarEvents\CarEvents.csproj", "{F9C526D0-B80D-4EF3-843F-ECDEFE5DC848}"
EndProject
Project("{FAE04EC0-301F-11D3-BF4B-00C04F79EFBC}") = "SimpleLambdaExpressions", "SimpleLambdaExpressions\SimpleLambdaExpressions.csproj", "{F8D28A6B-14CD-461D-8CA0-05E196328639}"
EndProject
Project("{FAE04EC0-301F-11D3-BF4B-00C04F79EFBC}") = "ExtensionMethods", "ExtensionMethods\ExtensionMethods.csproj", "{5B7C6C21-3792-4AC6-A8FC-FDB09EC699C8}"
EndProject
Project("{FAE04EC0-301F-11D3-BF4B-00C04F79EFBC}") = "InterfaceExtensions", "INterfaceExtensions\InterfaceExtensions.csproj", "{40DC4BC4-1D6A-4626-9DAF-E816F3232DCA}"
EndProject
Project("{FAE04EC0-301F-11D3-BF4B-00C04F79EFBC}") = "AnonymousTypes", "AnonymousTypes\AnonymousTypes.csproj", "{9B226A21-DDF3-4347-8A7C-E133C142A66E}"
EndProject
Project("{FAE04EC0-301F-11D3-BF4B-00C04F79EFBC}") = "LinqOverArray", "LinqOverArray\LinqOverArray.csproj", "{2DD7F3A6-59C7-4AFE-AA65-EAF73D63A115}"
EndProject
Project("{FAE04EC0-301F-11D3-BF4B-00C04F79EFBC}") = "LinqOverCollections", "LibqOverCollections\LinqOverCollections.csproj", "{B017A0F9-7CD3-4268-8708-E157991D5DBB}"
EndProject
Project("{FAE04EC0-301F-11D3-BF4B-00C04F79EFBC}") = "FunWithLinqExpressions", "FunWithLinqExpressions\FunWithLinqExpressions.csproj", "{F1A15480-B9CC-4F78-B228-15B718401589}"
EndProject
Project("{FAE04EC0-301F-11D3-BF4B-00C04F79EFBC}") = "LazyObjectInstantiation", "LazyObjectInstantiation\LazyObjectInstantiation.csproj", "{82822F64-06C4-4235-9999-2210FEFED014}"
EndProject
Project("{FAE04EC0-301F-11D3-BF4B-00C04F79EFBC}") = "CustomNamespaces", "CustomNamespaces\CustomNamespaces.csproj", "{F5E81C9F-C57C-4551-8BC2-ABFDF6CE2EB2}"
EndProject
Project("{FAE04EC0-301F-11D3-BF4B-00C04F79EFBC}") = "CarLibrary", "CarLibrary\CarLibrary.csproj", "{7CFF9971-61A4-4AA9-92BD-5C9501940490}"
EndProject
Project("{FAE04EC0-301F-11D3-BF4B-00C04F79EFBC}") = "CSharpCarClient", "CSharpCarClient\CSharpCarClient.csproj", "{C44D4FCC-E091-4030-BF0C-E4B6B0726646}"
EndProject
Project("{F184B08F-C81C-45F6-A57F-5ABD9991F28F}") = "VisualBasicCarClient", "VisualBasicCarClient\VisualBasicCarClient.vbproj", "{2E6E2724-E344-490B-9DCA-74AB205BFF17}"
EndProject
Project("{FAE04EC0-301F-11D3-BF4B-00C04F79EFBC}") = "DynamicKeyword", "DynamicKeyword\DynamicKeyword.csproj", "{5A5276D3-F5BE-4967-9D1B-73BF71FE1C05}"
EndProject
Project("{FAE04EC0-301F-11D3-BF4B-00C04F79EFBC}") = "DefaultAppDomainApp", "DefaultAppDomainApp\DefaultAppDomainApp.csproj", "{C61494B5-92EA-43BF-AF82-2608AA79957A}"
EndProject
Global
	GlobalSection(SolutionConfigurationPlatforms) = preSolution
		Debug|Any CPU = Debug|Any CPU
		Release|Any CPU = Release|Any CPU
	EndGlobalSection
	GlobalSection(ProjectConfigurationPlatforms) = postSolution
		{85307C44-6B9A-4840-9493-1FC0A35D84A6}.Debug|Any CPU.ActiveCfg = Debug|Any CPU
		{85307C44-6B9A-4840-9493-1FC0A35D84A6}.Debug|Any CPU.Build.0 = Debug|Any CPU
		{85307C44-6B9A-4840-9493-1FC0A35D84A6}.Release|Any CPU.ActiveCfg = Release|Any CPU
		{85307C44-6B9A-4840-9493-1FC0A35D84A6}.Release|Any CPU.Build.0 = Release|Any CPU
		{0FC4ECC7-9646-4331-B59D-FC7670F48F14}.Debug|Any CPU.ActiveCfg = Debug|Any CPU
		{0FC4ECC7-9646-4331-B59D-FC7670F48F14}.Debug|Any CPU.Build.0 = Debug|Any CPU
		{0FC4ECC7-9646-4331-B59D-FC7670F48F14}.Release|Any CPU.ActiveCfg = Release|Any CPU
		{0FC4ECC7-9646-4331-B59D-FC7670F48F14}.Release|Any CPU.Build.0 = Release|Any CPU
		{244C92EC-DA7F-4144-8FCC-76FA34305D4F}.Debug|Any CPU.ActiveCfg = Debug|Any CPU
		{244C92EC-DA7F-4144-8FCC-76FA34305D4F}.Debug|Any CPU.Build.0 = Debug|Any CPU
		{244C92EC-DA7F-4144-8FCC-76FA34305D4F}.Release|Any CPU.ActiveCfg = Release|Any CPU
		{244C92EC-DA7F-4144-8FCC-76FA34305D4F}.Release|Any CPU.Build.0 = Release|Any CPU
		{7AE4C1DA-7A03-4008-841B-7326E66144C2}.Debug|Any CPU.ActiveCfg = Debug|Any CPU
		{7AE4C1DA-7A03-4008-841B-7326E66144C2}.Debug|Any CPU.Build.0 = Debug|Any CPU
		{7AE4C1DA-7A03-4008-841B-7326E66144C2}.Release|Any CPU.ActiveCfg = Release|Any CPU
		{7AE4C1DA-7A03-4008-841B-7326E66144C2}.Release|Any CPU.Build.0 = Release|Any CPU
		{B300583C-D657-43A2-BA1E-74FBA7B2B4BC}.Debug|Any CPU.ActiveCfg = Debug|Any CPU
		{B300583C-D657-43A2-BA1E-74FBA7B2B4BC}.Debug|Any CPU.Build.0 = Debug|Any CPU
		{B300583C-D657-43A2-BA1E-74FBA7B2B4BC}.Release|Any CPU.ActiveCfg = Release|Any CPU
		{B300583C-D657-43A2-BA1E-74FBA7B2B4BC}.Release|Any CPU.Build.0 = Release|Any CPU
		{047E8DEA-2ACA-4FCA-A89D-15D8623F7D55}.Debug|Any CPU.ActiveCfg = Debug|Any CPU
		{047E8DEA-2ACA-4FCA-A89D-15D8623F7D55}.Debug|Any CPU.Build.0 = Debug|Any CPU
		{047E8DEA-2ACA-4FCA-A89D-15D8623F7D55}.Release|Any CPU.ActiveCfg = Release|Any CPU
		{047E8DEA-2ACA-4FCA-A89D-15D8623F7D55}.Release|Any CPU.Build.0 = Release|Any CPU
		{AB513DC4-3D4C-4F45-94B3-DAEFCFF14A5A}.Debug|Any CPU.ActiveCfg = Debug|Any CPU
		{AB513DC4-3D4C-4F45-94B3-DAEFCFF14A5A}.Debug|Any CPU.Build.0 = Debug|Any CPU
		{AB513DC4-3D4C-4F45-94B3-DAEFCFF14A5A}.Release|Any CPU.ActiveCfg = Release|Any CPU
		{AB513DC4-3D4C-4F45-94B3-DAEFCFF14A5A}.Release|Any CPU.Build.0 = Release|Any CPU
		{68077B71-528B-441B-802F-A90469B40C84}.Debug|Any CPU.ActiveCfg = Debug|Any CPU
		{68077B71-528B-441B-802F-A90469B40C84}.Debug|Any CPU.Build.0 = Debug|Any CPU
		{68077B71-528B-441B-802F-A90469B40C84}.Release|Any CPU.ActiveCfg = Release|Any CPU
		{68077B71-528B-441B-802F-A90469B40C84}.Release|Any CPU.Build.0 = Release|Any CPU
		{E547751E-B43B-4377-A679-45155D7154E9}.Debug|Any CPU.ActiveCfg = Debug|Any CPU
		{E547751E-B43B-4377-A679-45155D7154E9}.Debug|Any CPU.Build.0 = Debug|Any CPU
		{E547751E-B43B-4377-A679-45155D7154E9}.Release|Any CPU.ActiveCfg = Release|Any CPU
		{E547751E-B43B-4377-A679-45155D7154E9}.Release|Any CPU.Build.0 = Release|Any CPU
		{E733E0CE-8259-46D0-A2B5-3B7179E28661}.Debug|Any CPU.ActiveCfg = Debug|Any CPU
		{E733E0CE-8259-46D0-A2B5-3B7179E28661}.Debug|Any CPU.Build.0 = Debug|Any CPU
		{E733E0CE-8259-46D0-A2B5-3B7179E28661}.Release|Any CPU.ActiveCfg = Release|Any CPU
		{E733E0CE-8259-46D0-A2B5-3B7179E28661}.Release|Any CPU.Build.0 = Release|Any CPU
		{CAC3EA90-0DD8-4623-BF5E-70873517BCF1}.Debug|Any CPU.ActiveCfg = Debug|Any CPU
		{CAC3EA90-0DD8-4623-BF5E-70873517BCF1}.Debug|Any CPU.Build.0 = Debug|Any CPU
		{CAC3EA90-0DD8-4623-BF5E-70873517BCF1}.Release|Any CPU.ActiveCfg = Release|Any CPU
		{CAC3EA90-0DD8-4623-BF5E-70873517BCF1}.Release|Any CPU.Build.0 = Release|Any CPU
		{7E819FD0-4A7D-4071-B711-E1BF94F70EEF}.Debug|Any CPU.ActiveCfg = Debug|Any CPU
		{7E819FD0-4A7D-4071-B711-E1BF94F70EEF}.Debug|Any CPU.Build.0 = Debug|Any CPU
		{7E819FD0-4A7D-4071-B711-E1BF94F70EEF}.Release|Any CPU.ActiveCfg = Release|Any CPU
		{7E819FD0-4A7D-4071-B711-E1BF94F70EEF}.Release|Any CPU.Build.0 = Release|Any CPU
		{25BE3F1E-5568-4640-8D26-33A20E22DF9C}.Debug|Any CPU.ActiveCfg = Debug|Any CPU
		{25BE3F1E-5568-4640-8D26-33A20E22DF9C}.Debug|Any CPU.Build.0 = Debug|Any CPU
		{25BE3F1E-5568-4640-8D26-33A20E22DF9C}.Release|Any CPU.ActiveCfg = Release|Any CPU
		{25BE3F1E-5568-4640-8D26-33A20E22DF9C}.Release|Any CPU.Build.0 = Release|Any CPU
		{71C34F19-4231-473D-B9B0-1B1D10B6647F}.Debug|Any CPU.ActiveCfg = Debug|Any CPU
		{71C34F19-4231-473D-B9B0-1B1D10B6647F}.Debug|Any CPU.Build.0 = Debug|Any CPU
		{71C34F19-4231-473D-B9B0-1B1D10B6647F}.Release|Any CPU.ActiveCfg = Release|Any CPU
		{71C34F19-4231-473D-B9B0-1B1D10B6647F}.Release|Any CPU.Build.0 = Release|Any CPU
		{2A33D987-1995-45F7-9162-5706BAEF8C9E}.Debug|Any CPU.ActiveCfg = Debug|Any CPU
		{2A33D987-1995-45F7-9162-5706BAEF8C9E}.Debug|Any CPU.Build.0 = Debug|Any CPU
		{2A33D987-1995-45F7-9162-5706BAEF8C9E}.Release|Any CPU.ActiveCfg = Release|Any CPU
		{2A33D987-1995-45F7-9162-5706BAEF8C9E}.Release|Any CPU.Build.0 = Release|Any CPU
		{E0C4B6AC-C762-4C25-AC88-79C51E4D6B13}.Debug|Any CPU.ActiveCfg = Debug|Any CPU
		{E0C4B6AC-C762-4C25-AC88-79C51E4D6B13}.Debug|Any CPU.Build.0 = Debug|Any CPU
		{E0C4B6AC-C762-4C25-AC88-79C51E4D6B13}.Release|Any CPU.ActiveCfg = Release|Any CPU
		{E0C4B6AC-C762-4C25-AC88-79C51E4D6B13}.Release|Any CPU.Build.0 = Release|Any CPU
		{787CC9FA-EAA4-4A70-8FED-44A2E60F14C8}.Debug|Any CPU.ActiveCfg = Debug|Any CPU
		{787CC9FA-EAA4-4A70-8FED-44A2E60F14C8}.Debug|Any CPU.Build.0 = Debug|Any CPU
		{787CC9FA-EAA4-4A70-8FED-44A2E60F14C8}.Release|Any CPU.ActiveCfg = Release|Any CPU
		{787CC9FA-EAA4-4A70-8FED-44A2E60F14C8}.Release|Any CPU.Build.0 = Release|Any CPU
		{65481AB8-1956-4E12-88DD-A74F2E810BD5}.Debug|Any CPU.ActiveCfg = Debug|Any CPU
		{65481AB8-1956-4E12-88DD-A74F2E810BD5}.Debug|Any CPU.Build.0 = Debug|Any CPU
		{65481AB8-1956-4E12-88DD-A74F2E810BD5}.Release|Any CPU.ActiveCfg = Release|Any CPU
		{65481AB8-1956-4E12-88DD-A74F2E810BD5}.Release|Any CPU.Build.0 = Release|Any CPU
		{117B4D32-CEE0-426D-93DE-AE77D6A10C60}.Debug|Any CPU.ActiveCfg = Debug|Any CPU
		{117B4D32-CEE0-426D-93DE-AE77D6A10C60}.Debug|Any CPU.Build.0 = Debug|Any CPU
		{117B4D32-CEE0-426D-93DE-AE77D6A10C60}.Release|Any CPU.ActiveCfg = Release|Any CPU
		{117B4D32-CEE0-426D-93DE-AE77D6A10C60}.Release|Any CPU.Build.0 = Release|Any CPU
		{361AF786-C35F-4D14-A474-19187B561F03}.Debug|Any CPU.ActiveCfg = Debug|Any CPU
		{361AF786-C35F-4D14-A474-19187B561F03}.Debug|Any CPU.Build.0 = Debug|Any CPU
		{361AF786-C35F-4D14-A474-19187B561F03}.Release|Any CPU.ActiveCfg = Release|Any CPU
		{361AF786-C35F-4D14-A474-19187B561F03}.Release|Any CPU.Build.0 = Release|Any CPU
		{0A5E8977-CB59-458A-88BB-D17C17C75C94}.Debug|Any CPU.ActiveCfg = Debug|Any CPU
		{0A5E8977-CB59-458A-88BB-D17C17C75C94}.Debug|Any CPU.Build.0 = Debug|Any CPU
		{0A5E8977-CB59-458A-88BB-D17C17C75C94}.Release|Any CPU.ActiveCfg = Release|Any CPU
		{0A5E8977-CB59-458A-88BB-D17C17C75C94}.Release|Any CPU.Build.0 = Release|Any CPU
		{CC8DFF6D-7D9D-4F0F-82E1-C8BB65624190}.Debug|Any CPU.ActiveCfg = Debug|Any CPU
		{CC8DFF6D-7D9D-4F0F-82E1-C8BB65624190}.Debug|Any CPU.Build.0 = Debug|Any CPU
		{CC8DFF6D-7D9D-4F0F-82E1-C8BB65624190}.Release|Any CPU.ActiveCfg = Release|Any CPU
		{CC8DFF6D-7D9D-4F0F-82E1-C8BB65624190}.Release|Any CPU.Build.0 = Release|Any CPU
		{813EC1C1-0227-4833-9BB8-2B4891248ABC}.Debug|Any CPU.ActiveCfg = Debug|Any CPU
		{813EC1C1-0227-4833-9BB8-2B4891248ABC}.Debug|Any CPU.Build.0 = Debug|Any CPU
		{813EC1C1-0227-4833-9BB8-2B4891248ABC}.Release|Any CPU.ActiveCfg = Release|Any CPU
		{813EC1C1-0227-4833-9BB8-2B4891248ABC}.Release|Any CPU.Build.0 = Release|Any CPU
		{F7159C1B-5C12-4794-A5EF-7A1F88E2C23E}.Debug|Any CPU.ActiveCfg = Debug|Any CPU
		{F7159C1B-5C12-4794-A5EF-7A1F88E2C23E}.Debug|Any CPU.Build.0 = Debug|Any CPU
		{F7159C1B-5C12-4794-A5EF-7A1F88E2C23E}.Release|Any CPU.ActiveCfg = Release|Any CPU
		{F7159C1B-5C12-4794-A5EF-7A1F88E2C23E}.Release|Any CPU.Build.0 = Release|Any CPU
		{1B05BD5C-BDA3-488F-986C-1D282B28EA50}.Debug|Any CPU.ActiveCfg = Debug|Any CPU
		{1B05BD5C-BDA3-488F-986C-1D282B28EA50}.Debug|Any CPU.Build.0 = Debug|Any CPU
		{1B05BD5C-BDA3-488F-986C-1D282B28EA50}.Release|Any CPU.ActiveCfg = Release|Any CPU
		{1B05BD5C-BDA3-488F-986C-1D282B28EA50}.Release|Any CPU.Build.0 = Release|Any CPU
		{CDBC2CC5-AFF5-4E9A-B0CD-01F2295D9C01}.Debug|Any CPU.ActiveCfg = Debug|Any CPU
		{CDBC2CC5-AFF5-4E9A-B0CD-01F2295D9C01}.Debug|Any CPU.Build.0 = Debug|Any CPU
		{CDBC2CC5-AFF5-4E9A-B0CD-01F2295D9C01}.Release|Any CPU.ActiveCfg = Release|Any CPU
		{CDBC2CC5-AFF5-4E9A-B0CD-01F2295D9C01}.Release|Any CPU.Build.0 = Release|Any CPU
		{0C1F40DA-8065-4D0D-905B-DC70894C2ADE}.Debug|Any CPU.ActiveCfg = Debug|Any CPU
		{0C1F40DA-8065-4D0D-905B-DC70894C2ADE}.Debug|Any CPU.Build.0 = Debug|Any CPU
		{0C1F40DA-8065-4D0D-905B-DC70894C2ADE}.Release|Any CPU.ActiveCfg = Release|Any CPU
		{0C1F40DA-8065-4D0D-905B-DC70894C2ADE}.Release|Any CPU.Build.0 = Release|Any CPU
		{93C54770-6065-41AF-B490-045F56E9879C}.Debug|Any CPU.ActiveCfg = Debug|Any CPU
		{93C54770-6065-41AF-B490-045F56E9879C}.Debug|Any CPU.Build.0 = Debug|Any CPU
		{93C54770-6065-41AF-B490-045F56E9879C}.Release|Any CPU.ActiveCfg = Release|Any CPU
		{93C54770-6065-41AF-B490-045F56E9879C}.Release|Any CPU.Build.0 = Release|Any CPU
		{1D91DC32-472E-49B8-A2FF-9D20AA2C6B31}.Debug|Any CPU.ActiveCfg = Debug|Any CPU
		{1D91DC32-472E-49B8-A2FF-9D20AA2C6B31}.Debug|Any CPU.Build.0 = Debug|Any CPU
		{1D91DC32-472E-49B8-A2FF-9D20AA2C6B31}.Release|Any CPU.ActiveCfg = Release|Any CPU
		{1D91DC32-472E-49B8-A2FF-9D20AA2C6B31}.Release|Any CPU.Build.0 = Release|Any CPU
		{55A8935F-C486-499A-ACE4-E20AC4278530}.Debug|Any CPU.ActiveCfg = Debug|Any CPU
		{55A8935F-C486-499A-ACE4-E20AC4278530}.Debug|Any CPU.Build.0 = Debug|Any CPU
		{55A8935F-C486-499A-ACE4-E20AC4278530}.Release|Any CPU.ActiveCfg = Release|Any CPU
		{55A8935F-C486-499A-ACE4-E20AC4278530}.Release|Any CPU.Build.0 = Release|Any CPU
		{A6FF9AAC-F95E-4A5C-BBC8-FF398ACF6254}.Debug|Any CPU.ActiveCfg = Debug|Any CPU
		{A6FF9AAC-F95E-4A5C-BBC8-FF398ACF6254}.Debug|Any CPU.Build.0 = Debug|Any CPU
		{A6FF9AAC-F95E-4A5C-BBC8-FF398ACF6254}.Release|Any CPU.ActiveCfg = Release|Any CPU
		{A6FF9AAC-F95E-4A5C-BBC8-FF398ACF6254}.Release|Any CPU.Build.0 = Release|Any CPU
		{5D6BB153-C550-40EC-8AA4-C27D20A080B0}.Debug|Any CPU.ActiveCfg = Debug|Any CPU
		{5D6BB153-C550-40EC-8AA4-C27D20A080B0}.Debug|Any CPU.Build.0 = Debug|Any CPU
		{5D6BB153-C550-40EC-8AA4-C27D20A080B0}.Release|Any CPU.ActiveCfg = Release|Any CPU
		{5D6BB153-C550-40EC-8AA4-C27D20A080B0}.Release|Any CPU.Build.0 = Release|Any CPU
		{C69E4A7D-1E9E-4E90-BEED-87CE0C237B3F}.Debug|Any CPU.ActiveCfg = Debug|Any CPU
		{C69E4A7D-1E9E-4E90-BEED-87CE0C237B3F}.Debug|Any CPU.Build.0 = Debug|Any CPU
		{C69E4A7D-1E9E-4E90-BEED-87CE0C237B3F}.Release|Any CPU.ActiveCfg = Release|Any CPU
		{C69E4A7D-1E9E-4E90-BEED-87CE0C237B3F}.Release|Any CPU.Build.0 = Release|Any CPU
		{F9C526D0-B80D-4EF3-843F-ECDEFE5DC848}.Debug|Any CPU.ActiveCfg = Debug|Any CPU
		{F9C526D0-B80D-4EF3-843F-ECDEFE5DC848}.Debug|Any CPU.Build.0 = Debug|Any CPU
		{F9C526D0-B80D-4EF3-843F-ECDEFE5DC848}.Release|Any CPU.ActiveCfg = Release|Any CPU
		{F9C526D0-B80D-4EF3-843F-ECDEFE5DC848}.Release|Any CPU.Build.0 = Release|Any CPU
		{F8D28A6B-14CD-461D-8CA0-05E196328639}.Debug|Any CPU.ActiveCfg = Debug|Any CPU
		{F8D28A6B-14CD-461D-8CA0-05E196328639}.Debug|Any CPU.Build.0 = Debug|Any CPU
		{F8D28A6B-14CD-461D-8CA0-05E196328639}.Release|Any CPU.ActiveCfg = Release|Any CPU
		{F8D28A6B-14CD-461D-8CA0-05E196328639}.Release|Any CPU.Build.0 = Release|Any CPU
		{5B7C6C21-3792-4AC6-A8FC-FDB09EC699C8}.Debug|Any CPU.ActiveCfg = Debug|Any CPU
		{5B7C6C21-3792-4AC6-A8FC-FDB09EC699C8}.Debug|Any CPU.Build.0 = Debug|Any CPU
		{5B7C6C21-3792-4AC6-A8FC-FDB09EC699C8}.Release|Any CPU.ActiveCfg = Release|Any CPU
		{5B7C6C21-3792-4AC6-A8FC-FDB09EC699C8}.Release|Any CPU.Build.0 = Release|Any CPU
		{40DC4BC4-1D6A-4626-9DAF-E816F3232DCA}.Debug|Any CPU.ActiveCfg = Debug|Any CPU
		{40DC4BC4-1D6A-4626-9DAF-E816F3232DCA}.Debug|Any CPU.Build.0 = Debug|Any CPU
		{40DC4BC4-1D6A-4626-9DAF-E816F3232DCA}.Release|Any CPU.ActiveCfg = Release|Any CPU
		{40DC4BC4-1D6A-4626-9DAF-E816F3232DCA}.Release|Any CPU.Build.0 = Release|Any CPU
		{9B226A21-DDF3-4347-8A7C-E133C142A66E}.Debug|Any CPU.ActiveCfg = Debug|Any CPU
		{9B226A21-DDF3-4347-8A7C-E133C142A66E}.Debug|Any CPU.Build.0 = Debug|Any CPU
		{9B226A21-DDF3-4347-8A7C-E133C142A66E}.Release|Any CPU.ActiveCfg = Release|Any CPU
		{9B226A21-DDF3-4347-8A7C-E133C142A66E}.Release|Any CPU.Build.0 = Release|Any CPU
		{2DD7F3A6-59C7-4AFE-AA65-EAF73D63A115}.Debug|Any CPU.ActiveCfg = Debug|Any CPU
		{2DD7F3A6-59C7-4AFE-AA65-EAF73D63A115}.Debug|Any CPU.Build.0 = Debug|Any CPU
		{2DD7F3A6-59C7-4AFE-AA65-EAF73D63A115}.Release|Any CPU.ActiveCfg = Release|Any CPU
		{2DD7F3A6-59C7-4AFE-AA65-EAF73D63A115}.Release|Any CPU.Build.0 = Release|Any CPU
		{B017A0F9-7CD3-4268-8708-E157991D5DBB}.Debug|Any CPU.ActiveCfg = Debug|Any CPU
		{B017A0F9-7CD3-4268-8708-E157991D5DBB}.Debug|Any CPU.Build.0 = Debug|Any CPU
		{B017A0F9-7CD3-4268-8708-E157991D5DBB}.Release|Any CPU.ActiveCfg = Release|Any CPU
		{B017A0F9-7CD3-4268-8708-E157991D5DBB}.Release|Any CPU.Build.0 = Release|Any CPU
		{F1A15480-B9CC-4F78-B228-15B718401589}.Debug|Any CPU.ActiveCfg = Debug|Any CPU
		{F1A15480-B9CC-4F78-B228-15B718401589}.Debug|Any CPU.Build.0 = Debug|Any CPU
		{F1A15480-B9CC-4F78-B228-15B718401589}.Release|Any CPU.ActiveCfg = Release|Any CPU
		{F1A15480-B9CC-4F78-B228-15B718401589}.Release|Any CPU.Build.0 = Release|Any CPU
		{82822F64-06C4-4235-9999-2210FEFED014}.Debug|Any CPU.ActiveCfg = Debug|Any CPU
		{82822F64-06C4-4235-9999-2210FEFED014}.Debug|Any CPU.Build.0 = Debug|Any CPU
		{82822F64-06C4-4235-9999-2210FEFED014}.Release|Any CPU.ActiveCfg = Release|Any CPU
		{82822F64-06C4-4235-9999-2210FEFED014}.Release|Any CPU.Build.0 = Release|Any CPU
		{F5E81C9F-C57C-4551-8BC2-ABFDF6CE2EB2}.Debug|Any CPU.ActiveCfg = Debug|Any CPU
		{F5E81C9F-C57C-4551-8BC2-ABFDF6CE2EB2}.Debug|Any CPU.Build.0 = Debug|Any CPU
		{F5E81C9F-C57C-4551-8BC2-ABFDF6CE2EB2}.Release|Any CPU.ActiveCfg = Release|Any CPU
		{F5E81C9F-C57C-4551-8BC2-ABFDF6CE2EB2}.Release|Any CPU.Build.0 = Release|Any CPU
		{7CFF9971-61A4-4AA9-92BD-5C9501940490}.Debug|Any CPU.ActiveCfg = Debug|Any CPU
		{7CFF9971-61A4-4AA9-92BD-5C9501940490}.Debug|Any CPU.Build.0 = Debug|Any CPU
		{7CFF9971-61A4-4AA9-92BD-5C9501940490}.Release|Any CPU.ActiveCfg = Release|Any CPU
		{7CFF9971-61A4-4AA9-92BD-5C9501940490}.Release|Any CPU.Build.0 = Release|Any CPU
		{C44D4FCC-E091-4030-BF0C-E4B6B0726646}.Debug|Any CPU.ActiveCfg = Debug|Any CPU
		{C44D4FCC-E091-4030-BF0C-E4B6B0726646}.Debug|Any CPU.Build.0 = Debug|Any CPU
		{C44D4FCC-E091-4030-BF0C-E4B6B0726646}.Release|Any CPU.ActiveCfg = Release|Any CPU
		{C44D4FCC-E091-4030-BF0C-E4B6B0726646}.Release|Any CPU.Build.0 = Release|Any CPU
		{2E6E2724-E344-490B-9DCA-74AB205BFF17}.Debug|Any CPU.ActiveCfg = Debug|Any CPU
		{2E6E2724-E344-490B-9DCA-74AB205BFF17}.Debug|Any CPU.Build.0 = Debug|Any CPU
		{2E6E2724-E344-490B-9DCA-74AB205BFF17}.Release|Any CPU.ActiveCfg = Release|Any CPU
		{2E6E2724-E344-490B-9DCA-74AB205BFF17}.Release|Any CPU.Build.0 = Release|Any CPU
		{5A5276D3-F5BE-4967-9D1B-73BF71FE1C05}.Debug|Any CPU.ActiveCfg = Debug|Any CPU
		{5A5276D3-F5BE-4967-9D1B-73BF71FE1C05}.Debug|Any CPU.Build.0 = Debug|Any CPU
		{5A5276D3-F5BE-4967-9D1B-73BF71FE1C05}.Release|Any CPU.ActiveCfg = Release|Any CPU
		{5A5276D3-F5BE-4967-9D1B-73BF71FE1C05}.Release|Any CPU.Build.0 = Release|Any CPU
		{C61494B5-92EA-43BF-AF82-2608AA79957A}.Debug|Any CPU.ActiveCfg = Debug|Any CPU
		{C61494B5-92EA-43BF-AF82-2608AA79957A}.Debug|Any CPU.Build.0 = Debug|Any CPU
		{C61494B5-92EA-43BF-AF82-2608AA79957A}.Release|Any CPU.ActiveCfg = Release|Any CPU
		{C61494B5-92EA-43BF-AF82-2608AA79957A}.Release|Any CPU.Build.0 = Release|Any CPU
	EndGlobalSection
	GlobalSection(SolutionProperties) = preSolution
		HideSolutionNode = FALSE
	EndGlobalSection
	GlobalSection(ExtensibilityGlobals) = postSolution
		SolutionGuid = {6D3A2CD0-A57F-4EA9-A4CE-651529B6C089}
	EndGlobalSection
EndGlobal
